
Microsoft Visual Studio Solution File, Format Version 12.00
# Visual Studio Version 17
VisualStudioVersion = 17.4.33213.308
MinimumVisualStudioVersion = 10.0.40219.1
Project("{FAE04EC0-301F-11D3-BF4B-00C04F79EFBC}") = "stock maintanence", "stock maintanence\stock maintanence.csproj", "{373AB7E7-AE78-47D8-91B1-2E02176A3BBE}"
EndProject
Global
	GlobalSection(SolutionConfigurationPlatforms) = preSolution
		Debug|Any CPU = Debug|Any CPU
		Release|Any CPU = Release|Any CPU
	EndGlobalSection
	GlobalSection(ProjectConfigurationPlatforms) = postSolution
		{373AB7E7-AE78-47D8-91B1-2E02176A3BBE}.Debug|Any CPU.ActiveCfg = Debug|Any CPU
		{373AB7E7-AE78-47D8-91B1-2E02176A3BBE}.Debug|Any CPU.Build.0 = Debug|Any CPU
		{373AB7E7-AE78-47D8-91B1-2E02176A3BBE}.Release|Any CPU.ActiveCfg = Release|Any CPU
		{373AB7E7-AE78-47D8-91B1-2E02176A3BBE}.Release|Any CPU.Build.0 = Release|Any CPU
	EndGlobalSection
	GlobalSection(SolutionProperties) = preSolution
		HideSolutionNode = FALSE
	EndGlobalSection
	GlobalSection(ExtensibilityGlobals) = postSolution
		SolutionGuid = {E7971D5A-C3CA-493B-BA79-366654C854D4}
	EndGlobalSection
EndGlobal
